
Microsoft Visual Studio Solution File, Format Version 12.00
# Visual Studio 15
Project("{FAE04EC0-301F-11D3-BF4B-00C04F79EFBC}") = "Assembly-CSharp", "Assembly-CSharp.csproj", "{EAD0D18B-37D9-693B-A6C3-9DE65EC35621}"
EndProject
Project("{FAE04EC0-301F-11D3-BF4B-00C04F79EFBC}") = "Assembly-CSharp-Editor", "Assembly-CSharp-Editor.csproj", "{790014C2-030D-182F-E368-9D2FC23A29BC}"
EndProject
Global
	GlobalSection(SolutionConfigurationPlatforms) = preSolution
		Debug|Any CPU = Debug|Any CPU
		Release|Any CPU = Release|Any CPU
	EndGlobalSection
	GlobalSection(ProjectConfigurationPlatforms) = postSolution
		{EAD0D18B-37D9-693B-A6C3-9DE65EC35621}.Debug|Any CPU.ActiveCfg = Debug|Any CPU
		{EAD0D18B-37D9-693B-A6C3-9DE65EC35621}.Debug|Any CPU.Build.0 = Debug|Any CPU
		{EAD0D18B-37D9-693B-A6C3-9DE65EC35621}.Release|Any CPU.ActiveCfg = Release|Any CPU
		{EAD0D18B-37D9-693B-A6C3-9DE65EC35621}.Release|Any CPU.Build.0 = Release|Any CPU
		{790014C2-030D-182F-E368-9D2FC23A29BC}.Debug|Any CPU.ActiveCfg = Debug|Any CPU
		{790014C2-030D-182F-E368-9D2FC23A29BC}.Debug|Any CPU.Build.0 = Debug|Any CPU
		{790014C2-030D-182F-E368-9D2FC23A29BC}.Release|Any CPU.ActiveCfg = Release|Any CPU
		{790014C2-030D-182F-E368-9D2FC23A29BC}.Release|Any CPU.Build.0 = Release|Any CPU
	EndGlobalSection
	GlobalSection(SolutionProperties) = preSolution
		HideSolutionNode = FALSE
	EndGlobalSection
EndGlobal
